
Microsoft Visual Studio Solution File, Format Version 12.00
# Visual Studio Version 17
VisualStudioVersion = 17.3.32901.215
MinimumVisualStudioVersion = 10.0.40219.1
Project("{FAE04EC0-301F-11D3-BF4B-00C04F79EFBC}") = "Keeton_linkedlist", "Keeton_linkedlist\Keeton_linkedlist.csproj", "{1DD5604E-B9AD-4295-B18B-379598131DE6}"
EndProject
Global
	GlobalSection(SolutionConfigurationPlatforms) = preSolution
		Debug|Any CPU = Debug|Any CPU
		Release|Any CPU = Release|Any CPU
	EndGlobalSection
	GlobalSection(ProjectConfigurationPlatforms) = postSolution
		{1DD5604E-B9AD-4295-B18B-379598131DE6}.Debug|Any CPU.ActiveCfg = Debug|Any CPU
		{1DD5604E-B9AD-4295-B18B-379598131DE6}.Debug|Any CPU.Build.0 = Debug|Any CPU
		{1DD5604E-B9AD-4295-B18B-379598131DE6}.Release|Any CPU.ActiveCfg = Release|Any CPU
		{1DD5604E-B9AD-4295-B18B-379598131DE6}.Release|Any CPU.Build.0 = Release|Any CPU
	EndGlobalSection
	GlobalSection(SolutionProperties) = preSolution
		HideSolutionNode = FALSE
	EndGlobalSection
	GlobalSection(ExtensibilityGlobals) = postSolution
		SolutionGuid = {9571FA43-14F8-4A81-9211-9B3FF31C2ADB}
	EndGlobalSection
EndGlobal
